
Microsoft Visual Studio Solution File, Format Version 12.00
# Visual Studio Version 16
VisualStudioVersion = 16.0.30114.105
MinimumVisualStudioVersion = 10.0.40219.1
Project("{FAE04EC0-301F-11D3-BF4B-00C04F79EFBC}") = "Yaml", "Yaml\Yaml.csproj", "{08DC3AAF-FEBB-473C-A1D8-B4C2ACDD1B3F}"
EndProject
Project("{FAE04EC0-301F-11D3-BF4B-00C04F79EFBC}") = "Yaml.Test", "Yaml.Test\Yaml.Test.csproj", "{AC6C18AF-951C-44DB-A225-1E1E357D88B0}"
EndProject
Global
	GlobalSection(SolutionConfigurationPlatforms) = preSolution
		Debug|Any CPU = Debug|Any CPU
		Release|Any CPU = Release|Any CPU
	EndGlobalSection
	GlobalSection(SolutionProperties) = preSolution
		HideSolutionNode = FALSE
	EndGlobalSection
	GlobalSection(ProjectConfigurationPlatforms) = postSolution
		{08DC3AAF-FEBB-473C-A1D8-B4C2ACDD1B3F}.Debug|Any CPU.ActiveCfg = Debug|Any CPU
		{08DC3AAF-FEBB-473C-A1D8-B4C2ACDD1B3F}.Debug|Any CPU.Build.0 = Debug|Any CPU
		{08DC3AAF-FEBB-473C-A1D8-B4C2ACDD1B3F}.Release|Any CPU.ActiveCfg = Release|Any CPU
		{08DC3AAF-FEBB-473C-A1D8-B4C2ACDD1B3F}.Release|Any CPU.Build.0 = Release|Any CPU
		{AC6C18AF-951C-44DB-A225-1E1E357D88B0}.Debug|Any CPU.ActiveCfg = Debug|Any CPU
		{AC6C18AF-951C-44DB-A225-1E1E357D88B0}.Debug|Any CPU.Build.0 = Debug|Any CPU
		{AC6C18AF-951C-44DB-A225-1E1E357D88B0}.Release|Any CPU.ActiveCfg = Release|Any CPU
		{AC6C18AF-951C-44DB-A225-1E1E357D88B0}.Release|Any CPU.Build.0 = Release|Any CPU
	EndGlobalSection
EndGlobal
